
Microsoft Visual Studio Solution File, Format Version 12.00
# Visual Studio Version 16
VisualStudioVersion = 16.0.30503.244
MinimumVisualStudioVersion = 15.0.26124.0
Project("{2150E333-8FDC-42A3-9474-1A3956D46DE8}") = "tools", "tools", "{83F16175-43B1-4C90-A1EE-8E351C33435D}"
	ProjectSection(SolutionItems) = preProject
		build.fsx = build.fsx
	EndProjectSection
EndProject
Project("{6EC3EE1D-3C4E-46DD-8F32-0CC8E7565705}") = "FSharp.FGL", "src\FSharp.FGL\FSharp.FGL.fsproj", "{0B4C521D-F935-4DAD-9DB8-FF19AAD882E9}"
EndProject
Project("{6EC3EE1D-3C4E-46DD-8F32-0CC8E7565705}") = "FSharp.FGL.Tests", "tests\FSharp.FGL.Tests\FSharp.FGL.Tests.fsproj", "{AF68A6B7-83AC-4946-8F32-0CC6236B3964}"
	ProjectSection(ProjectDependencies) = postProject
		{B2951F30-EF79-42DD-8B1E-3A429937302F} = {B2951F30-EF79-42DD-8B1E-3A429937302F}
		{C620F259-1DD3-4557-8D9D-23BB79981101} = {C620F259-1DD3-4557-8D9D-23BB79981101}
	EndProjectSection
EndProject
Project("{6EC3EE1D-3C4E-46DD-8F32-0CC8E7565705}") = "FSharp.Graph", "src\FSharp.Graph\FSharp.Graph.fsproj", "{C620F259-1DD3-4557-8D9D-23BB79981101}"
EndProject
Project("{6EC3EE1D-3C4E-46DD-8F32-0CC8E7565705}") = "FSharp.ArrayAdjacencyGraph", "src\FSharp.ArrayAdjacencyGraph\FSharp.ArrayAdjacencyGraph.fsproj", "{B2951F30-EF79-42DD-8B1E-3A429937302F}"
	ProjectSection(ProjectDependencies) = postProject
		{C620F259-1DD3-4557-8D9D-23BB79981101} = {C620F259-1DD3-4557-8D9D-23BB79981101}
	EndProjectSection
EndProject
Global
	GlobalSection(SolutionConfigurationPlatforms) = preSolution
		Debug|Any CPU = Debug|Any CPU
		DotnetCore|Any CPU = DotnetCore|Any CPU
		Mono|Any CPU = Mono|Any CPU
		Release|Any CPU = Release|Any CPU
	EndGlobalSection
	GlobalSection(ProjectConfigurationPlatforms) = postSolution
		{0B4C521D-F935-4DAD-9DB8-FF19AAD882E9}.Debug|Any CPU.ActiveCfg = Debug|Any CPU
		{0B4C521D-F935-4DAD-9DB8-FF19AAD882E9}.Debug|Any CPU.Build.0 = Debug|Any CPU
		{0B4C521D-F935-4DAD-9DB8-FF19AAD882E9}.DotnetCore|Any CPU.ActiveCfg = DotnetCore|Any CPU
		{0B4C521D-F935-4DAD-9DB8-FF19AAD882E9}.DotnetCore|Any CPU.Build.0 = DotnetCore|Any CPU
		{0B4C521D-F935-4DAD-9DB8-FF19AAD882E9}.Mono|Any CPU.ActiveCfg = Mono|Any CPU
		{0B4C521D-F935-4DAD-9DB8-FF19AAD882E9}.Mono|Any CPU.Build.0 = Mono|Any CPU
		{0B4C521D-F935-4DAD-9DB8-FF19AAD882E9}.Release|Any CPU.ActiveCfg = Release|Any CPU
		{0B4C521D-F935-4DAD-9DB8-FF19AAD882E9}.Release|Any CPU.Build.0 = Release|Any CPU
		{AF68A6B7-83AC-4946-8F32-0CC6236B3964}.Debug|Any CPU.ActiveCfg = Debug|Any CPU
		{AF68A6B7-83AC-4946-8F32-0CC6236B3964}.Debug|Any CPU.Build.0 = Debug|Any CPU
		{AF68A6B7-83AC-4946-8F32-0CC6236B3964}.DotnetCore|Any CPU.ActiveCfg = Debug|Any CPU
		{AF68A6B7-83AC-4946-8F32-0CC6236B3964}.DotnetCore|Any CPU.Build.0 = Debug|Any CPU
		{AF68A6B7-83AC-4946-8F32-0CC6236B3964}.Mono|Any CPU.ActiveCfg = Debug|Any CPU
		{AF68A6B7-83AC-4946-8F32-0CC6236B3964}.Mono|Any CPU.Build.0 = Debug|Any CPU
		{AF68A6B7-83AC-4946-8F32-0CC6236B3964}.Release|Any CPU.ActiveCfg = Release|Any CPU
		{AF68A6B7-83AC-4946-8F32-0CC6236B3964}.Release|Any CPU.Build.0 = Release|Any CPU
		{C620F259-1DD3-4557-8D9D-23BB79981101}.Debug|Any CPU.ActiveCfg = Debug|Any CPU
		{C620F259-1DD3-4557-8D9D-23BB79981101}.Debug|Any CPU.Build.0 = Debug|Any CPU
		{C620F259-1DD3-4557-8D9D-23BB79981101}.DotnetCore|Any CPU.ActiveCfg = Debug|Any CPU
		{C620F259-1DD3-4557-8D9D-23BB79981101}.DotnetCore|Any CPU.Build.0 = Debug|Any CPU
		{C620F259-1DD3-4557-8D9D-23BB79981101}.Mono|Any CPU.ActiveCfg = Debug|Any CPU
		{C620F259-1DD3-4557-8D9D-23BB79981101}.Mono|Any CPU.Build.0 = Debug|Any CPU
		{C620F259-1DD3-4557-8D9D-23BB79981101}.Release|Any CPU.ActiveCfg = Release|Any CPU
		{C620F259-1DD3-4557-8D9D-23BB79981101}.Release|Any CPU.Build.0 = Release|Any CPU
		{B2951F30-EF79-42DD-8B1E-3A429937302F}.Debug|Any CPU.ActiveCfg = Debug|Any CPU
		{B2951F30-EF79-42DD-8B1E-3A429937302F}.Debug|Any CPU.Build.0 = Debug|Any CPU
		{B2951F30-EF79-42DD-8B1E-3A429937302F}.DotnetCore|Any CPU.ActiveCfg = Debug|Any CPU
		{B2951F30-EF79-42DD-8B1E-3A429937302F}.DotnetCore|Any CPU.Build.0 = Debug|Any CPU
		{B2951F30-EF79-42DD-8B1E-3A429937302F}.Mono|Any CPU.ActiveCfg = Debug|Any CPU
		{B2951F30-EF79-42DD-8B1E-3A429937302F}.Mono|Any CPU.Build.0 = Debug|Any CPU
		{B2951F30-EF79-42DD-8B1E-3A429937302F}.Release|Any CPU.ActiveCfg = Release|Any CPU
		{B2951F30-EF79-42DD-8B1E-3A429937302F}.Release|Any CPU.Build.0 = Release|Any CPU
	EndGlobalSection
	GlobalSection(SolutionProperties) = preSolution
		HideSolutionNode = FALSE
	EndGlobalSection
	GlobalSection(ExtensibilityGlobals) = postSolution
		SolutionGuid = {F4FA3718-6BBE-44B3-A581-3309B3967A0A}
	EndGlobalSection
EndGlobal
